
Microsoft Visual Studio Solution File, Format Version 12.00
# Visual Studio Version 17
VisualStudioVersion = 17.14.36127.28
MinimumVisualStudioVersion = 10.0.40219.1
Project("{FAE04EC0-301F-11D3-BF4B-00C04F79EFBC}") = "TestFileGenerator", "Test File Generator\TestFileGenerator.csproj", "{F2643307-D45C-4C65-9CCC-AC7E70E947B1}"
EndProject
Project("{FAE04EC0-301F-11D3-BF4B-00C04F79EFBC}") = "Sorter", "Sorter\Sorter.csproj", "{7ACCE7A3-8476-4085-AA46-3A7E3A72C27A}"
EndProject
Project("{FAE04EC0-301F-11D3-BF4B-00C04F79EFBC}") = "Common", "Common\Common.csproj", "{5D4A3366-C05A-4368-BE38-DAC23A4C0844}"
EndProject
Project("{FAE04EC0-301F-11D3-BF4B-00C04F79EFBC}") = "Sorter.Tests", "Sorter.Tests\Sorter.Tests.csproj", "{635F706F-3A6D-433C-9761-5653B90B4D3F}"
EndProject
Project("{FAE04EC0-301F-11D3-BF4B-00C04F79EFBC}") = "TestFileGenerator.Tests", "TestFileGenerator.Tests\TestFileGenerator.Tests.csproj", "{8253651D-C9AE-47C1-BBC0-2C1980D9F4B6}"
EndProject
Global
	GlobalSection(SolutionConfigurationPlatforms) = preSolution
		Debug|Any CPU = Debug|Any CPU
		Release|Any CPU = Release|Any CPU
	EndGlobalSection
	GlobalSection(ProjectConfigurationPlatforms) = postSolution
		{F2643307-D45C-4C65-9CCC-AC7E70E947B1}.Debug|Any CPU.ActiveCfg = Debug|Any CPU
		{F2643307-D45C-4C65-9CCC-AC7E70E947B1}.Debug|Any CPU.Build.0 = Debug|Any CPU
		{F2643307-D45C-4C65-9CCC-AC7E70E947B1}.Release|Any CPU.ActiveCfg = Release|Any CPU
		{F2643307-D45C-4C65-9CCC-AC7E70E947B1}.Release|Any CPU.Build.0 = Release|Any CPU
		{7ACCE7A3-8476-4085-AA46-3A7E3A72C27A}.Debug|Any CPU.ActiveCfg = Debug|Any CPU
		{7ACCE7A3-8476-4085-AA46-3A7E3A72C27A}.Debug|Any CPU.Build.0 = Debug|Any CPU
		{7ACCE7A3-8476-4085-AA46-3A7E3A72C27A}.Release|Any CPU.ActiveCfg = Release|Any CPU
		{7ACCE7A3-8476-4085-AA46-3A7E3A72C27A}.Release|Any CPU.Build.0 = Release|Any CPU
		{5D4A3366-C05A-4368-BE38-DAC23A4C0844}.Debug|Any CPU.ActiveCfg = Debug|Any CPU
		{5D4A3366-C05A-4368-BE38-DAC23A4C0844}.Debug|Any CPU.Build.0 = Debug|Any CPU
		{5D4A3366-C05A-4368-BE38-DAC23A4C0844}.Release|Any CPU.ActiveCfg = Release|Any CPU
		{5D4A3366-C05A-4368-BE38-DAC23A4C0844}.Release|Any CPU.Build.0 = Release|Any CPU
		{635F706F-3A6D-433C-9761-5653B90B4D3F}.Debug|Any CPU.ActiveCfg = Debug|Any CPU
		{635F706F-3A6D-433C-9761-5653B90B4D3F}.Debug|Any CPU.Build.0 = Debug|Any CPU
		{635F706F-3A6D-433C-9761-5653B90B4D3F}.Release|Any CPU.ActiveCfg = Release|Any CPU
		{635F706F-3A6D-433C-9761-5653B90B4D3F}.Release|Any CPU.Build.0 = Release|Any CPU
		{8253651D-C9AE-47C1-BBC0-2C1980D9F4B6}.Debug|Any CPU.ActiveCfg = Debug|Any CPU
		{8253651D-C9AE-47C1-BBC0-2C1980D9F4B6}.Debug|Any CPU.Build.0 = Debug|Any CPU
		{8253651D-C9AE-47C1-BBC0-2C1980D9F4B6}.Release|Any CPU.ActiveCfg = Release|Any CPU
		{8253651D-C9AE-47C1-BBC0-2C1980D9F4B6}.Release|Any CPU.Build.0 = Release|Any CPU
	EndGlobalSection
	GlobalSection(SolutionProperties) = preSolution
		HideSolutionNode = FALSE
	EndGlobalSection
	GlobalSection(ExtensibilityGlobals) = postSolution
		SolutionGuid = {0D2A7BF3-9539-4795-8B2E-7F461711067D}
	EndGlobalSection
EndGlobal
